
Microsoft Visual Studio Solution File, Format Version 12.00
# Visual Studio Version 17
VisualStudioVersion = 17.11.35219.272
MinimumVisualStudioVersion = 10.0.40219.1
Project("{FAE04EC0-301F-11D3-BF4B-00C04F79EFBC}") = "SFMoviesApi", "SFMoviesApi.csproj", "{A3C994BD-4169-4CB7-9D3A-CB47C2DDF65B}"
EndProject
Global
	GlobalSection(SolutionConfigurationPlatforms) = preSolution
		Debug|Any CPU = Debug|Any CPU
		Release|Any CPU = Release|Any CPU
	EndGlobalSection
	GlobalSection(ProjectConfigurationPlatforms) = postSolution
		{A3C994BD-4169-4CB7-9D3A-CB47C2DDF65B}.Debug|Any CPU.ActiveCfg = Debug|Any CPU
		{A3C994BD-4169-4CB7-9D3A-CB47C2DDF65B}.Debug|Any CPU.Build.0 = Debug|Any CPU
		{A3C994BD-4169-4CB7-9D3A-CB47C2DDF65B}.Release|Any CPU.ActiveCfg = Release|Any CPU
		{A3C994BD-4169-4CB7-9D3A-CB47C2DDF65B}.Release|Any CPU.Build.0 = Release|Any CPU
	EndGlobalSection
	GlobalSection(SolutionProperties) = preSolution
		HideSolutionNode = FALSE
	EndGlobalSection
	GlobalSection(ExtensibilityGlobals) = postSolution
		SolutionGuid = {E9C96683-FB5A-4499-A979-61075EF8E495}
	EndGlobalSection
EndGlobal
